
Microsoft Visual Studio Solution File, Format Version 12.00
# Visual Studio Version 17
VisualStudioVersion = 17.9.34728.123
MinimumVisualStudioVersion = 10.0.40219.1
Project("{FAE04EC0-301F-11D3-BF4B-00C04F79EFBC}") = "First_API", "First_API\First_API.csproj", "{AB469007-E798-4B93-8E50-CFBE18D6FA8E}"
EndProject
Global
	GlobalSection(SolutionConfigurationPlatforms) = preSolution
		Debug|Any CPU = Debug|Any CPU
		Release|Any CPU = Release|Any CPU
	EndGlobalSection
	GlobalSection(ProjectConfigurationPlatforms) = postSolution
		{AB469007-E798-4B93-8E50-CFBE18D6FA8E}.Debug|Any CPU.ActiveCfg = Debug|Any CPU
		{AB469007-E798-4B93-8E50-CFBE18D6FA8E}.Debug|Any CPU.Build.0 = Debug|Any CPU
		{AB469007-E798-4B93-8E50-CFBE18D6FA8E}.Release|Any CPU.ActiveCfg = Release|Any CPU
		{AB469007-E798-4B93-8E50-CFBE18D6FA8E}.Release|Any CPU.Build.0 = Release|Any CPU
	EndGlobalSection
	GlobalSection(SolutionProperties) = preSolution
		HideSolutionNode = FALSE
	EndGlobalSection
	GlobalSection(ExtensibilityGlobals) = postSolution
		SolutionGuid = {D4FF79F3-B354-4E06-A0B9-B1A1F7FFA379}
	EndGlobalSection
EndGlobal
